<?xml version="1.0" encoding="utf-8"?>
<Project ToolsVersion="4.0" xmlns="http://schemas.microsoft.com/developer/msbuild/2003">
  <ItemGroup>
    <Filter Include="source">
      <UniqueIdentifier>{16c58bca-1c05-4fdf-9adb-89680c723ac5}</UniqueIdentifier>
    </Filter>
    <Filter Include="include">
      <UniqueIdentifier>{45d15545-2d91-4c91-b664-280f8bfa8da2}</UniqueIdentifier>
    </Filter>
    <Filter Include="extern">
      <UniqueIdentifier>{ab11a9ab-0a86-4e41-badf-df4d9603d3e6}</UniqueIdentifier>
    </Filter>
    <Filter Include="modProjects">
      <UniqueIdentifier>{1fe623f2-8eb8-4d54-ab11-9b7e8c9448ce}</UniqueIdentifier>
    </Filter>
    <Filter Include="mod">
      <UniqueIdentifier>{823ac97a-16c0-4385-a4dd-20497aa04ebd}</UniqueIdentifier>
    </Filter>
  </ItemGroup>
  <ItemGroup>
    <ClInclude Include="include\YLlangX.h">
      <Filter>include</Filter>
    </ClInclude>
    <ClInclude Include="extern\y.tab.h">
      <Filter>extern</Filter>
    </ClInclude>
    <ClInclude Include="include\Object.h">
      <Filter>include</Filter>
    </ClInclude>
    <ClInclude Include="include\Number.h">
      <Filter>include</Filter>
    </ClInclude>
    <ClInclude Include="include\String.h">
      <Filter>include</Filter>
    </ClInclude>
    <ClInclude Include="include\Function.h">
      <Filter>include</Filter>
    </ClInclude>
    <ClInclude Include="include\langX.h">
      <Filter>include</Filter>
    </ClInclude>
    <ClInclude Include="include\ExecNode.h">
      <Filter>include</Filter>
    </ClInclude>
    <ClInclude Include="include\Environment.h">
      <Filter>include</Filter>
    </ClInclude>
    <ClInclude Include="include\Allocator.h">
      <Filter>include</Filter>
    </ClInclude>
    <ClInclude Include="include\RegFunctions.h">
      <Filter>include</Filter>
    </ClInclude>
    <ClInclude Include="include\ClassInfo.h">
      <Filter>include</Filter>
    </ClInclude>
    <ClInclude Include="include\langXObject.h">
      <Filter>include</Filter>
    </ClInclude>
    <ClInclude Include="include\langXObjectRef.h">
      <Filter>include</Filter>
    </ClInclude>
    <ClInclude Include="include\NullObject.h">
      <Filter>include</Filter>
    </ClInclude>
    <ClInclude Include="include\StackTrace.h">
      <Filter>include</Filter>
    </ClInclude>
    <ClInclude Include="include\XArray.h">
      <Filter>include</Filter>
    </ClInclude>
    <ClInclude Include="include\Exception.h">
      <Filter>include</Filter>
    </ClInclude>
    <ClInclude Include="include\XNameSpace.h">
      <Filter>include</Filter>
    </ClInclude>
    <ClInclude Include="include\Utils.h">
      <Filter>include</Filter>
    </ClInclude>
    <ClInclude Include="include\DestroyedObject.h">
      <Filter>include</Filter>
    </ClInclude>
    <ClInclude Include="include\X3rdModule.h">
      <Filter>include</Filter>
    </ClInclude>
  </ItemGroup>
  <ItemGroup>
    <ClCompile Include="extern\lex.yy.c">
      <Filter>extern</Filter>
    </ClCompile>
    <ClCompile Include="extern\y.tab.c">
      <Filter>extern</Filter>
    </ClCompile>
    <ClCompile Include="source\Object.cpp">
      <Filter>source</Filter>
    </ClCompile>
    <ClCompile Include="source\Number.cpp">
      <Filter>source</Filter>
    </ClCompile>
    <ClCompile Include="source\Function.cpp">
      <Filter>source</Filter>
    </ClCompile>
    <ClCompile Include="source\langX.cpp">
      <Filter>source</Filter>
    </ClCompile>
    <ClCompile Include="source\YLlangX.cpp">
      <Filter>source</Filter>
    </ClCompile>
    <ClCompile Include="source\ExecNode.cpp">
      <Filter>source</Filter>
    </ClCompile>
    <ClCompile Include="source\String.cpp">
      <Filter>source</Filter>
    </ClCompile>
    <ClCompile Include="source\Environment.cpp">
      <Filter>source</Filter>
    </ClCompile>
    <ClCompile Include="source\Allocator.cpp">
      <Filter>source</Filter>
    </ClCompile>
    <ClCompile Include="source\RegFunctions.cpp">
      <Filter>source</Filter>
    </ClCompile>
    <ClCompile Include="source\ClassInfo.cpp">
      <Filter>source</Filter>
    </ClCompile>
    <ClCompile Include="source\langXObject.cpp">
      <Filter>source</Filter>
    </ClCompile>
    <ClCompile Include="source\langXObjectRef.cpp">
      <Filter>source</Filter>
    </ClCompile>
    <ClCompile Include="source\NullObject.cpp">
      <Filter>source</Filter>
    </ClCompile>
    <ClCompile Include="source\StackTrace.cpp">
      <Filter>source</Filter>
    </ClCompile>
    <ClCompile Include="source\XArray.cpp">
      <Filter>source</Filter>
    </ClCompile>
    <ClCompile Include="source\Exception.cpp">
      <Filter>source</Filter>
    </ClCompile>
    <ClCompile Include="source\XNameSpace.cpp">
      <Filter>source</Filter>
    </ClCompile>
    <ClCompile Include="source\Utils.cpp">
      <Filter>source</Filter>
    </ClCompile>
    <ClCompile Include="source\DestroyedObject.cpp">
      <Filter>source</Filter>
    </ClCompile>
    <ClCompile Include="source\X3rdModule.cpp">
      <Filter>source</Filter>
    </ClCompile>
    <ClCompile Include="modProjects\Readme">
      <Filter>modProjects</Filter>
    </ClCompile>
  </ItemGroup>
  <ItemGroup>
    <None Include="extern\a.l">
      <Filter>extern</Filter>
    </None>
    <None Include="extern\a.y">
      <Filter>extern</Filter>
    </None>
    <None Include="makefile" />
    <None Include="mod\Readme">
      <Filter>mod</Filter>
    </None>
  </ItemGroup>
</Project>