
Microsoft Visual Studio Solution File, Format Version 12.00
# Visual Studio 15
VisualStudioVersion = 15.0.27428.2037
MinimumVisualStudioVersion = 10.0.40219.1
Project("{8BC9CEB8-8B4A-11D0-8D11-00A0C91BC942}") = "langX", "langX.vcxproj", "{D44B07E4-99FA-4485-BA6F-1B9BF41172C1}"
EndProject
Project("{8BC9CEB8-8B4A-11D0-8D11-00A0C91BC942}") = "langX-Core", "modProjects\langX-Core\langX-Core.vcxproj", "{1F0052A7-8248-49A4-BD51-AC64D0AB88B3}"
EndProject
Project("{8BC9CEB8-8B4A-11D0-8D11-00A0C91BC942}") = "langX-Mysql", "modProjects\langX-Mysql\langX-Mysql.vcxproj", "{CFBE5FE4-D4B4-4BDA-8F9F-8031A7F91D72}"
EndProject
Project("{8BC9CEB8-8B4A-11D0-8D11-00A0C91BC942}") = "langX-libevent", "modProjects\langX-libevent\langX-libevent.vcxproj", "{3CC69958-0208-48E0-8A3B-FB70AD4FCC4B}"
EndProject
Project("{8BC9CEB8-8B4A-11D0-8D11-00A0C91BC942}") = "langX-Python", "modProjects\langX-Python\langX-Python.vcxproj", "{DFC215D8-66F8-46EA-8C07-1A251075CABB}"
EndProject
Project("{8BC9CEB8-8B4A-11D0-8D11-00A0C91BC942}") = "langX-Json", "modProjects\langX-Json\langX-Json.vcxproj", "{46486BB3-3095-43F3-9D89-F733A7EC70D0}"
EndProject
Project("{8BC9CEB8-8B4A-11D0-8D11-00A0C91BC942}") = "langX-Redis", "modProjects\langX-Redis\langX-Redis.vcxproj", "{AC152F62-00ED-4F4D-B02B-6DE9A32BB1C0}"
EndProject
Project("{8BC9CEB8-8B4A-11D0-8D11-00A0C91BC942}") = "langX-Zlib", "modProjects\langX-Zlib\langX-Zlib.vcxproj", "{86CDA012-4117-4815-A7A7-C4A1B22202A6}"
EndProject
Global
	GlobalSection(SolutionConfigurationPlatforms) = preSolution
		Debug|ARM = Debug|ARM
		Debug|x64 = Debug|x64
		Debug|x86 = Debug|x86
		Release|ARM = Release|ARM
		Release|x64 = Release|x64
		Release|x86 = Release|x86
	EndGlobalSection
	GlobalSection(ProjectConfigurationPlatforms) = postSolution
		{D44B07E4-99FA-4485-BA6F-1B9BF41172C1}.Debug|ARM.ActiveCfg = Debug|ARM
		{D44B07E4-99FA-4485-BA6F-1B9BF41172C1}.Debug|ARM.Build.0 = Debug|ARM
		{D44B07E4-99FA-4485-BA6F-1B9BF41172C1}.Debug|x64.ActiveCfg = Debug|x64
		{D44B07E4-99FA-4485-BA6F-1B9BF41172C1}.Debug|x64.Build.0 = Debug|x64
		{D44B07E4-99FA-4485-BA6F-1B9BF41172C1}.Debug|x86.ActiveCfg = Debug|x86
		{D44B07E4-99FA-4485-BA6F-1B9BF41172C1}.Debug|x86.Build.0 = Debug|x86
		{D44B07E4-99FA-4485-BA6F-1B9BF41172C1}.Release|ARM.ActiveCfg = Release|ARM
		{D44B07E4-99FA-4485-BA6F-1B9BF41172C1}.Release|ARM.Build.0 = Release|ARM
		{D44B07E4-99FA-4485-BA6F-1B9BF41172C1}.Release|x64.ActiveCfg = Release|x64
		{D44B07E4-99FA-4485-BA6F-1B9BF41172C1}.Release|x64.Build.0 = Release|x64
		{D44B07E4-99FA-4485-BA6F-1B9BF41172C1}.Release|x86.ActiveCfg = Release|x86
		{D44B07E4-99FA-4485-BA6F-1B9BF41172C1}.Release|x86.Build.0 = Release|x86
		{1F0052A7-8248-49A4-BD51-AC64D0AB88B3}.Debug|ARM.ActiveCfg = Debug|ARM
		{1F0052A7-8248-49A4-BD51-AC64D0AB88B3}.Debug|ARM.Build.0 = Debug|ARM
		{1F0052A7-8248-49A4-BD51-AC64D0AB88B3}.Debug|x64.ActiveCfg = Debug|x64
		{1F0052A7-8248-49A4-BD51-AC64D0AB88B3}.Debug|x64.Build.0 = Debug|x64
		{1F0052A7-8248-49A4-BD51-AC64D0AB88B3}.Debug|x86.ActiveCfg = Debug|x86
		{1F0052A7-8248-49A4-BD51-AC64D0AB88B3}.Debug|x86.Build.0 = Debug|x86
		{1F0052A7-8248-49A4-BD51-AC64D0AB88B3}.Release|ARM.ActiveCfg = Release|ARM
		{1F0052A7-8248-49A4-BD51-AC64D0AB88B3}.Release|ARM.Build.0 = Release|ARM
		{1F0052A7-8248-49A4-BD51-AC64D0AB88B3}.Release|x64.ActiveCfg = Release|x64
		{1F0052A7-8248-49A4-BD51-AC64D0AB88B3}.Release|x64.Build.0 = Release|x64
		{1F0052A7-8248-49A4-BD51-AC64D0AB88B3}.Release|x86.ActiveCfg = Release|x86
		{1F0052A7-8248-49A4-BD51-AC64D0AB88B3}.Release|x86.Build.0 = Release|x86
		{CFBE5FE4-D4B4-4BDA-8F9F-8031A7F91D72}.Debug|ARM.ActiveCfg = Debug|ARM
		{CFBE5FE4-D4B4-4BDA-8F9F-8031A7F91D72}.Debug|ARM.Build.0 = Debug|ARM
		{CFBE5FE4-D4B4-4BDA-8F9F-8031A7F91D72}.Debug|x64.ActiveCfg = Debug|x64
		{CFBE5FE4-D4B4-4BDA-8F9F-8031A7F91D72}.Debug|x64.Build.0 = Debug|x64
		{CFBE5FE4-D4B4-4BDA-8F9F-8031A7F91D72}.Debug|x86.ActiveCfg = Debug|x86
		{CFBE5FE4-D4B4-4BDA-8F9F-8031A7F91D72}.Debug|x86.Build.0 = Debug|x86
		{CFBE5FE4-D4B4-4BDA-8F9F-8031A7F91D72}.Release|ARM.ActiveCfg = Release|ARM
		{CFBE5FE4-D4B4-4BDA-8F9F-8031A7F91D72}.Release|ARM.Build.0 = Release|ARM
		{CFBE5FE4-D4B4-4BDA-8F9F-8031A7F91D72}.Release|x64.ActiveCfg = Release|x64
		{CFBE5FE4-D4B4-4BDA-8F9F-8031A7F91D72}.Release|x64.Build.0 = Release|x64
		{CFBE5FE4-D4B4-4BDA-8F9F-8031A7F91D72}.Release|x86.ActiveCfg = Release|x86
		{CFBE5FE4-D4B4-4BDA-8F9F-8031A7F91D72}.Release|x86.Build.0 = Release|x86
		{3CC69958-0208-48E0-8A3B-FB70AD4FCC4B}.Debug|ARM.ActiveCfg = Debug|ARM
		{3CC69958-0208-48E0-8A3B-FB70AD4FCC4B}.Debug|ARM.Build.0 = Debug|ARM
		{3CC69958-0208-48E0-8A3B-FB70AD4FCC4B}.Debug|x64.ActiveCfg = Debug|x64
		{3CC69958-0208-48E0-8A3B-FB70AD4FCC4B}.Debug|x64.Build.0 = Debug|x64
		{3CC69958-0208-48E0-8A3B-FB70AD4FCC4B}.Debug|x86.ActiveCfg = Debug|x86
		{3CC69958-0208-48E0-8A3B-FB70AD4FCC4B}.Debug|x86.Build.0 = Debug|x86
		{3CC69958-0208-48E0-8A3B-FB70AD4FCC4B}.Release|ARM.ActiveCfg = Release|ARM
		{3CC69958-0208-48E0-8A3B-FB70AD4FCC4B}.Release|ARM.Build.0 = Release|ARM
		{3CC69958-0208-48E0-8A3B-FB70AD4FCC4B}.Release|x64.ActiveCfg = Release|x64
		{3CC69958-0208-48E0-8A3B-FB70AD4FCC4B}.Release|x64.Build.0 = Release|x64
		{3CC69958-0208-48E0-8A3B-FB70AD4FCC4B}.Release|x86.ActiveCfg = Release|x86
		{3CC69958-0208-48E0-8A3B-FB70AD4FCC4B}.Release|x86.Build.0 = Release|x86
		{DFC215D8-66F8-46EA-8C07-1A251075CABB}.Debug|ARM.ActiveCfg = Debug|ARM
		{DFC215D8-66F8-46EA-8C07-1A251075CABB}.Debug|ARM.Build.0 = Debug|ARM
		{DFC215D8-66F8-46EA-8C07-1A251075CABB}.Debug|x64.ActiveCfg = Debug|x64
		{DFC215D8-66F8-46EA-8C07-1A251075CABB}.Debug|x64.Build.0 = Debug|x64
		{DFC215D8-66F8-46EA-8C07-1A251075CABB}.Debug|x86.ActiveCfg = Debug|x86
		{DFC215D8-66F8-46EA-8C07-1A251075CABB}.Debug|x86.Build.0 = Debug|x86
		{DFC215D8-66F8-46EA-8C07-1A251075CABB}.Release|ARM.ActiveCfg = Release|ARM
		{DFC215D8-66F8-46EA-8C07-1A251075CABB}.Release|ARM.Build.0 = Release|ARM
		{DFC215D8-66F8-46EA-8C07-1A251075CABB}.Release|x64.ActiveCfg = Release|x64
		{DFC215D8-66F8-46EA-8C07-1A251075CABB}.Release|x64.Build.0 = Release|x64
		{DFC215D8-66F8-46EA-8C07-1A251075CABB}.Release|x86.ActiveCfg = Release|x86
		{DFC215D8-66F8-46EA-8C07-1A251075CABB}.Release|x86.Build.0 = Release|x86
		{46486BB3-3095-43F3-9D89-F733A7EC70D0}.Debug|ARM.ActiveCfg = Debug|ARM
		{46486BB3-3095-43F3-9D89-F733A7EC70D0}.Debug|ARM.Build.0 = Debug|ARM
		{46486BB3-3095-43F3-9D89-F733A7EC70D0}.Debug|x64.ActiveCfg = Debug|x64
		{46486BB3-3095-43F3-9D89-F733A7EC70D0}.Debug|x64.Build.0 = Debug|x64
		{46486BB3-3095-43F3-9D89-F733A7EC70D0}.Debug|x86.ActiveCfg = Debug|x86
		{46486BB3-3095-43F3-9D89-F733A7EC70D0}.Debug|x86.Build.0 = Debug|x86
		{46486BB3-3095-43F3-9D89-F733A7EC70D0}.Release|ARM.ActiveCfg = Release|ARM
		{46486BB3-3095-43F3-9D89-F733A7EC70D0}.Release|ARM.Build.0 = Release|ARM
		{46486BB3-3095-43F3-9D89-F733A7EC70D0}.Release|x64.ActiveCfg = Release|x64
		{46486BB3-3095-43F3-9D89-F733A7EC70D0}.Release|x64.Build.0 = Release|x64
		{46486BB3-3095-43F3-9D89-F733A7EC70D0}.Release|x86.ActiveCfg = Release|x86
		{46486BB3-3095-43F3-9D89-F733A7EC70D0}.Release|x86.Build.0 = Release|x86
		{AC152F62-00ED-4F4D-B02B-6DE9A32BB1C0}.Debug|ARM.ActiveCfg = Debug|ARM
		{AC152F62-00ED-4F4D-B02B-6DE9A32BB1C0}.Debug|ARM.Build.0 = Debug|ARM
		{AC152F62-00ED-4F4D-B02B-6DE9A32BB1C0}.Debug|x64.ActiveCfg = Debug|x64
		{AC152F62-00ED-4F4D-B02B-6DE9A32BB1C0}.Debug|x64.Build.0 = Debug|x64
		{AC152F62-00ED-4F4D-B02B-6DE9A32BB1C0}.Debug|x86.ActiveCfg = Debug|x86
		{AC152F62-00ED-4F4D-B02B-6DE9A32BB1C0}.Debug|x86.Build.0 = Debug|x86
		{AC152F62-00ED-4F4D-B02B-6DE9A32BB1C0}.Release|ARM.ActiveCfg = Release|ARM
		{AC152F62-00ED-4F4D-B02B-6DE9A32BB1C0}.Release|ARM.Build.0 = Release|ARM
		{AC152F62-00ED-4F4D-B02B-6DE9A32BB1C0}.Release|x64.ActiveCfg = Release|x64
		{AC152F62-00ED-4F4D-B02B-6DE9A32BB1C0}.Release|x64.Build.0 = Release|x64
		{AC152F62-00ED-4F4D-B02B-6DE9A32BB1C0}.Release|x86.ActiveCfg = Release|x86
		{AC152F62-00ED-4F4D-B02B-6DE9A32BB1C0}.Release|x86.Build.0 = Release|x86
		{86CDA012-4117-4815-A7A7-C4A1B22202A6}.Debug|ARM.ActiveCfg = Debug|ARM
		{86CDA012-4117-4815-A7A7-C4A1B22202A6}.Debug|ARM.Build.0 = Debug|ARM
		{86CDA012-4117-4815-A7A7-C4A1B22202A6}.Debug|x64.ActiveCfg = Debug|x64
		{86CDA012-4117-4815-A7A7-C4A1B22202A6}.Debug|x64.Build.0 = Debug|x64
		{86CDA012-4117-4815-A7A7-C4A1B22202A6}.Debug|x86.ActiveCfg = Debug|x86
		{86CDA012-4117-4815-A7A7-C4A1B22202A6}.Debug|x86.Build.0 = Debug|x86
		{86CDA012-4117-4815-A7A7-C4A1B22202A6}.Release|ARM.ActiveCfg = Release|ARM
		{86CDA012-4117-4815-A7A7-C4A1B22202A6}.Release|ARM.Build.0 = Release|ARM
		{86CDA012-4117-4815-A7A7-C4A1B22202A6}.Release|x64.ActiveCfg = Release|x64
		{86CDA012-4117-4815-A7A7-C4A1B22202A6}.Release|x64.Build.0 = Release|x64
		{86CDA012-4117-4815-A7A7-C4A1B22202A6}.Release|x86.ActiveCfg = Release|x86
		{86CDA012-4117-4815-A7A7-C4A1B22202A6}.Release|x86.Build.0 = Release|x86
	EndGlobalSection
	GlobalSection(SolutionProperties) = preSolution
		HideSolutionNode = FALSE
	EndGlobalSection
	GlobalSection(ExtensibilityGlobals) = postSolution
		SolutionGuid = {4CC03D4B-952E-4E22-9379-B51AAA541A4B}
	EndGlobalSection
EndGlobal
