
Microsoft Visual Studio Solution File, Format Version 12.00
# Visual Studio 14
VisualStudioVersion = 14.0.25123.0
MinimumVisualStudioVersion = 10.0.40219.1
Project("{8BC9CEB8-8B4A-11D0-8D11-00A0C91BC942}") = "langX", "langX.vcxproj", "{D44B07E4-99FA-4485-BA6F-1B9BF41172C1}"
EndProject
Project("{8BC9CEB8-8B4A-11D0-8D11-00A0C91BC942}") = "langX-Core", "modProjects\langX-Core\langX-Core.vcxproj", "{1F0052A7-8248-49A4-BD51-AC64D0AB88B3}"
EndProject
Global
	GlobalSection(SolutionConfigurationPlatforms) = preSolution
		Debug|ARM = Debug|ARM
		Debug|x64 = Debug|x64
		Debug|x86 = Debug|x86
		Release|ARM = Release|ARM
		Release|x64 = Release|x64
		Release|x86 = Release|x86
	EndGlobalSection
	GlobalSection(ProjectConfigurationPlatforms) = postSolution
		{D44B07E4-99FA-4485-BA6F-1B9BF41172C1}.Debug|ARM.ActiveCfg = Debug|ARM
		{D44B07E4-99FA-4485-BA6F-1B9BF41172C1}.Debug|ARM.Build.0 = Debug|ARM
		{D44B07E4-99FA-4485-BA6F-1B9BF41172C1}.Debug|x64.ActiveCfg = Debug|x64
		{D44B07E4-99FA-4485-BA6F-1B9BF41172C1}.Debug|x64.Build.0 = Debug|x64
		{D44B07E4-99FA-4485-BA6F-1B9BF41172C1}.Debug|x86.ActiveCfg = Debug|x86
		{D44B07E4-99FA-4485-BA6F-1B9BF41172C1}.Debug|x86.Build.0 = Debug|x86
		{D44B07E4-99FA-4485-BA6F-1B9BF41172C1}.Release|ARM.ActiveCfg = Release|ARM
		{D44B07E4-99FA-4485-BA6F-1B9BF41172C1}.Release|ARM.Build.0 = Release|ARM
		{D44B07E4-99FA-4485-BA6F-1B9BF41172C1}.Release|x64.ActiveCfg = Release|x64
		{D44B07E4-99FA-4485-BA6F-1B9BF41172C1}.Release|x64.Build.0 = Release|x64
		{D44B07E4-99FA-4485-BA6F-1B9BF41172C1}.Release|x86.ActiveCfg = Release|x86
		{D44B07E4-99FA-4485-BA6F-1B9BF41172C1}.Release|x86.Build.0 = Release|x86
		{1F0052A7-8248-49A4-BD51-AC64D0AB88B3}.Debug|ARM.ActiveCfg = Debug|ARM
		{1F0052A7-8248-49A4-BD51-AC64D0AB88B3}.Debug|ARM.Build.0 = Debug|ARM
		{1F0052A7-8248-49A4-BD51-AC64D0AB88B3}.Debug|x64.ActiveCfg = Debug|x64
		{1F0052A7-8248-49A4-BD51-AC64D0AB88B3}.Debug|x64.Build.0 = Debug|x64
		{1F0052A7-8248-49A4-BD51-AC64D0AB88B3}.Debug|x86.ActiveCfg = Debug|x86
		{1F0052A7-8248-49A4-BD51-AC64D0AB88B3}.Debug|x86.Build.0 = Debug|x86
		{1F0052A7-8248-49A4-BD51-AC64D0AB88B3}.Release|ARM.ActiveCfg = Release|ARM
		{1F0052A7-8248-49A4-BD51-AC64D0AB88B3}.Release|ARM.Build.0 = Release|ARM
		{1F0052A7-8248-49A4-BD51-AC64D0AB88B3}.Release|x64.ActiveCfg = Release|x64
		{1F0052A7-8248-49A4-BD51-AC64D0AB88B3}.Release|x64.Build.0 = Release|x64
		{1F0052A7-8248-49A4-BD51-AC64D0AB88B3}.Release|x86.ActiveCfg = Release|x86
		{1F0052A7-8248-49A4-BD51-AC64D0AB88B3}.Release|x86.Build.0 = Release|x86
	EndGlobalSection
	GlobalSection(SolutionProperties) = preSolution
		HideSolutionNode = FALSE
	EndGlobalSection
EndGlobal
