<?xml version="1.0" encoding="utf-8"?>
<Project ToolsVersion="4.0" xmlns="http://schemas.microsoft.com/developer/msbuild/2003">
  <ItemGroup>
    <Filter Include="include">
      <UniqueIdentifier>{8a3b46a0-e8f0-48bf-b226-eeef3a92df2d}</UniqueIdentifier>
    </Filter>
    <Filter Include="source">
      <UniqueIdentifier>{7d062189-3700-4f0a-9000-2806101357a7}</UniqueIdentifier>
    </Filter>
  </ItemGroup>
  <ItemGroup>
    <ClInclude Include="include\libeventModule.h">
      <Filter>include</Filter>
    </ClInclude>
    <ClInclude Include="include\BytesEncoder.h">
      <Filter>include</Filter>
    </ClInclude>
    <ClInclude Include="include\BytesDecoder.h">
      <Filter>include</Filter>
    </ClInclude>
    <ClInclude Include="include\DefaultBytesEncoder.h">
      <Filter>include</Filter>
    </ClInclude>
    <ClInclude Include="include\DefaultBytesDecoder.h">
      <Filter>include</Filter>
    </ClInclude>
    <ClInclude Include="include\DefaultNetPacket.h">
      <Filter>include</Filter>
    </ClInclude>
    <ClInclude Include="include\ReglibeventModule.h">
      <Filter>include</Filter>
    </ClInclude>
  </ItemGroup>
  <ItemGroup>
    <ClCompile Include="source\libeventModule.cpp">
      <Filter>source</Filter>
    </ClCompile>
    <ClCompile Include="source\BytesDecoder.cpp">
      <Filter>source</Filter>
    </ClCompile>
    <ClCompile Include="source\DefaultBytesDecoder.cpp">
      <Filter>source</Filter>
    </ClCompile>
    <ClCompile Include="source\BytesEncoder.cpp">
      <Filter>source</Filter>
    </ClCompile>
    <ClCompile Include="source\DefaultBytesEncoder.cpp">
      <Filter>source</Filter>
    </ClCompile>
    <ClCompile Include="source\DefaultNetPacket.cpp">
      <Filter>source</Filter>
    </ClCompile>
    <ClCompile Include="source\TcpServer.cpp">
      <Filter>source</Filter>
    </ClCompile>
    <ClCompile Include="source\TcpClient.cpp">
      <Filter>source</Filter>
    </ClCompile>
    <ClCompile Include="source\DefaultNetPacketX.cpp">
      <Filter>source</Filter>
    </ClCompile>
    <ClCompile Include="source\HttpServer.cpp">
      <Filter>source</Filter>
    </ClCompile>
    <ClCompile Include="source\HttpServerRoute.cpp">
      <Filter>source</Filter>
    </ClCompile>
  </ItemGroup>
  <ItemGroup>
    <None Include="makefile" />
  </ItemGroup>
</Project>