<?xml version="1.0" encoding="utf-8"?>
<Project ToolsVersion="4.0" xmlns="http://schemas.microsoft.com/developer/msbuild/2003">
  <ItemGroup>
    <Filter Include="include">
      <UniqueIdentifier>{09128896-9638-4042-815f-782d08738ecf}</UniqueIdentifier>
    </Filter>
    <Filter Include="source">
      <UniqueIdentifier>{ec114629-4d5a-4052-b23a-05b2fa09a8b3}</UniqueIdentifier>
    </Filter>
  </ItemGroup>
  <ItemGroup>
    <ClInclude Include="include\PythonModule.h">
      <Filter>include</Filter>
    </ClInclude>
    <ClInclude Include="include\RegPythonModule.h">
      <Filter>include</Filter>
    </ClInclude>
  </ItemGroup>
  <ItemGroup>
    <ClCompile Include="source\PythonModule.cpp">
      <Filter>source</Filter>
    </ClCompile>
    <ClCompile Include="source\PythonLib.cpp">
      <Filter>source</Filter>
    </ClCompile>
    <ClCompile Include="source\PythonHook.cpp">
      <Filter>source</Filter>
    </ClCompile>
    <ClCompile Include="source\PyException.cpp">
      <Filter>source</Filter>
    </ClCompile>
    <ClCompile Include="source\PyObjectType.cpp">
      <Filter>source</Filter>
    </ClCompile>
    <ClCompile Include="source\PyObject.cpp">
      <Filter>source</Filter>
    </ClCompile>
  </ItemGroup>
  <ItemGroup>
    <None Include="makefile" />
  </ItemGroup>
</Project>