<?xml version="1.0" encoding="utf-8"?>
<Project ToolsVersion="4.0" xmlns="http://schemas.microsoft.com/developer/msbuild/2003">
  <ItemGroup>
    <Filter Include="include">
      <UniqueIdentifier>{3d26ca7c-fc26-4b34-9f4f-0809c5282efe}</UniqueIdentifier>
    </Filter>
    <Filter Include="source">
      <UniqueIdentifier>{6a161ae2-7f76-40de-9026-213fcfbfd937}</UniqueIdentifier>
    </Filter>
  </ItemGroup>
  <ItemGroup>
    <ClInclude Include="include\MysqlModule.h">
      <Filter>include</Filter>
    </ClInclude>
    <ClInclude Include="include\RegMysqlModule.h">
      <Filter>include</Filter>
    </ClInclude>
  </ItemGroup>
  <ItemGroup>
    <ClCompile Include="source\MysqlModule.cpp">
      <Filter>source</Filter>
    </ClCompile>
    <ClCompile Include="source\MysqlClient.cpp">
      <Filter>source</Filter>
    </ClCompile>
    <ClCompile Include="source\DataTable.cpp">
      <Filter>source</Filter>
    </ClCompile>
    <ClCompile Include="source\DataRow.cpp">
      <Filter>source</Filter>
    </ClCompile>
    <ClCompile Include="makefile" />
  </ItemGroup>
</Project>