<?xml version="1.0" encoding="utf-8"?>
<Project ToolsVersion="4.0" xmlns="http://schemas.microsoft.com/developer/msbuild/2003">
  <ItemGroup>
    <Filter Include="include">
      <UniqueIdentifier>{e6d1171f-07a4-425b-8080-ef350f5d0c47}</UniqueIdentifier>
    </Filter>
    <Filter Include="source">
      <UniqueIdentifier>{4282e4ac-0988-49b1-9e1f-071053130253}</UniqueIdentifier>
    </Filter>
  </ItemGroup>
  <ItemGroup>
    <ClInclude Include="include\RegZlibModule.h">
      <Filter>include</Filter>
    </ClInclude>
    <ClInclude Include="include\ZlibModule.h">
      <Filter>include</Filter>
    </ClInclude>
  </ItemGroup>
  <ItemGroup>
    <ClCompile Include="source\Zip.cpp">
      <Filter>source</Filter>
    </ClCompile>
    <ClCompile Include="source\ZipFile.cpp">
      <Filter>source</Filter>
    </ClCompile>
    <ClCompile Include="source\Zlib.cpp">
      <Filter>source</Filter>
    </ClCompile>
    <ClCompile Include="source\ZlibModule.cpp">
      <Filter>source</Filter>
    </ClCompile>
  </ItemGroup>
</Project>