<?xml version="1.0" encoding="utf-8"?>
<Project ToolsVersion="4.0" xmlns="http://schemas.microsoft.com/developer/msbuild/2003">
  <ItemGroup>
    <Filter Include="include">
      <UniqueIdentifier>{87e25907-13df-4c1d-a5d3-0212903b2bdb}</UniqueIdentifier>
    </Filter>
    <Filter Include="source">
      <UniqueIdentifier>{58c4f356-e75d-413e-98f1-fe91089cab6b}</UniqueIdentifier>
    </Filter>
  </ItemGroup>
  <ItemGroup>
    <ClInclude Include="include\JsonModule.h">
      <Filter>include</Filter>
    </ClInclude>
    <ClInclude Include="include\RegJsonModule.h">
      <Filter>include</Filter>
    </ClInclude>
    <ClInclude Include="makefile" />
  </ItemGroup>
  <ItemGroup>
    <ClCompile Include="source\JsonModule.cpp">
      <Filter>source</Filter>
    </ClCompile>
    <ClCompile Include="source\default.cpp">
      <Filter>source</Filter>
    </ClCompile>
    <ClCompile Include="source\JsonArray.cpp">
      <Filter>source</Filter>
    </ClCompile>
    <ClCompile Include="source\JsonObject.cpp">
      <Filter>source</Filter>
    </ClCompile>
  </ItemGroup>
</Project>